
Microsoft Visual Studio Solution File, Format Version 12.00
# Visual Studio Version 17
VisualStudioVersion = 17.1.32228.430
MinimumVisualStudioVersion = 10.0.40219.1
Project("{FAE04EC0-301F-11D3-BF4B-00C04F79EFBC}") = "SutekiTmp", "SutekiTmp\SutekiTmp.csproj", "{975BFEBD-6BC1-4103-B56C-8C38A7EAD578}"
EndProject
Global
	GlobalSection(SolutionConfigurationPlatforms) = preSolution
		Debug|Any CPU = Debug|Any CPU
		Release|Any CPU = Release|Any CPU
	EndGlobalSection
	GlobalSection(ProjectConfigurationPlatforms) = postSolution
		{975BFEBD-6BC1-4103-B56C-8C38A7EAD578}.Debug|Any CPU.ActiveCfg = Debug|Any CPU
		{975BFEBD-6BC1-4103-B56C-8C38A7EAD578}.Debug|Any CPU.Build.0 = Debug|Any CPU
		{975BFEBD-6BC1-4103-B56C-8C38A7EAD578}.Release|Any CPU.ActiveCfg = Release|Any CPU
		{975BFEBD-6BC1-4103-B56C-8C38A7EAD578}.Release|Any CPU.Build.0 = Release|Any CPU
	EndGlobalSection
	GlobalSection(SolutionProperties) = preSolution
		HideSolutionNode = FALSE
	EndGlobalSection
	GlobalSection(ExtensibilityGlobals) = postSolution
		SolutionGuid = {AF2D70A8-F6E0-4C4E-950C-1534606716D5}
	EndGlobalSection
EndGlobal
